
Microsoft Visual Studio Solution File, Format Version 12.00
# Visual Studio Version 17
VisualStudioVersion = 17.2.32519.379
MinimumVisualStudioVersion = 10.0.40219.1
Project("{2150E333-8FDC-42A3-9474-1A3956D46DE8}") = "Services", "Services", "{C4BDAA0D-BCB3-4BB3-A2BA-F3843266D3C5}"
EndProject
Project("{2150E333-8FDC-42A3-9474-1A3956D46DE8}") = "Worker", "Worker", "{2E04CCBE-5A9A-4B0B-AFC8-81EF741E1ACC}"
EndProject
Project("{2150E333-8FDC-42A3-9474-1A3956D46DE8}") = "Product", "Product", "{D2C630B6-C5EB-4A58-BDBD-E42614B8D08D}"
EndProject
Project("{2150E333-8FDC-42A3-9474-1A3956D46DE8}") = "Job", "Job", "{D1A3EAA2-913E-4D42-BFBD-E21A63ED6FAD}"
EndProject
Project("{FAE04EC0-301F-11D3-BF4B-00C04F79EFBC}") = "Job.API", "Job.API\Job.API.csproj", "{B94DF223-C2E1-405B-B47C-37DED52A889F}"
EndProject
Project("{FAE04EC0-301F-11D3-BF4B-00C04F79EFBC}") = "Job.Domain", "Job.Domain\Job.Domain.csproj", "{6EFAA43B-C84E-49E7-B016-5C4D7CA1EBD8}"
EndProject
Project("{FAE04EC0-301F-11D3-BF4B-00C04F79EFBC}") = "Product.Domain", "Product.Domain\Product.Domain.csproj", "{88ED7E97-6459-4598-9167-F35AD91B659E}"
EndProject
Project("{FAE04EC0-301F-11D3-BF4B-00C04F79EFBC}") = "Product.API", "Product.API\Product.API.csproj", "{C0670595-E85D-45FE-9BFE-BE6776C472D8}"
EndProject
Global
	GlobalSection(SolutionConfigurationPlatforms) = preSolution
		Debug|Any CPU = Debug|Any CPU
		Release|Any CPU = Release|Any CPU
	EndGlobalSection
	GlobalSection(ProjectConfigurationPlatforms) = postSolution
		{B94DF223-C2E1-405B-B47C-37DED52A889F}.Debug|Any CPU.ActiveCfg = Debug|Any CPU
		{B94DF223-C2E1-405B-B47C-37DED52A889F}.Debug|Any CPU.Build.0 = Debug|Any CPU
		{B94DF223-C2E1-405B-B47C-37DED52A889F}.Release|Any CPU.ActiveCfg = Release|Any CPU
		{B94DF223-C2E1-405B-B47C-37DED52A889F}.Release|Any CPU.Build.0 = Release|Any CPU
		{6EFAA43B-C84E-49E7-B016-5C4D7CA1EBD8}.Debug|Any CPU.ActiveCfg = Debug|Any CPU
		{6EFAA43B-C84E-49E7-B016-5C4D7CA1EBD8}.Debug|Any CPU.Build.0 = Debug|Any CPU
		{6EFAA43B-C84E-49E7-B016-5C4D7CA1EBD8}.Release|Any CPU.ActiveCfg = Release|Any CPU
		{6EFAA43B-C84E-49E7-B016-5C4D7CA1EBD8}.Release|Any CPU.Build.0 = Release|Any CPU
		{88ED7E97-6459-4598-9167-F35AD91B659E}.Debug|Any CPU.ActiveCfg = Debug|Any CPU
		{88ED7E97-6459-4598-9167-F35AD91B659E}.Debug|Any CPU.Build.0 = Debug|Any CPU
		{88ED7E97-6459-4598-9167-F35AD91B659E}.Release|Any CPU.ActiveCfg = Release|Any CPU
		{88ED7E97-6459-4598-9167-F35AD91B659E}.Release|Any CPU.Build.0 = Release|Any CPU
		{C0670595-E85D-45FE-9BFE-BE6776C472D8}.Debug|Any CPU.ActiveCfg = Debug|Any CPU
		{C0670595-E85D-45FE-9BFE-BE6776C472D8}.Debug|Any CPU.Build.0 = Debug|Any CPU
		{C0670595-E85D-45FE-9BFE-BE6776C472D8}.Release|Any CPU.ActiveCfg = Release|Any CPU
		{C0670595-E85D-45FE-9BFE-BE6776C472D8}.Release|Any CPU.Build.0 = Release|Any CPU
	EndGlobalSection
	GlobalSection(SolutionProperties) = preSolution
		HideSolutionNode = FALSE
	EndGlobalSection
	GlobalSection(NestedProjects) = preSolution
		{2E04CCBE-5A9A-4B0B-AFC8-81EF741E1ACC} = {C4BDAA0D-BCB3-4BB3-A2BA-F3843266D3C5}
		{D2C630B6-C5EB-4A58-BDBD-E42614B8D08D} = {C4BDAA0D-BCB3-4BB3-A2BA-F3843266D3C5}
		{D1A3EAA2-913E-4D42-BFBD-E21A63ED6FAD} = {C4BDAA0D-BCB3-4BB3-A2BA-F3843266D3C5}
		{B94DF223-C2E1-405B-B47C-37DED52A889F} = {D1A3EAA2-913E-4D42-BFBD-E21A63ED6FAD}
		{6EFAA43B-C84E-49E7-B016-5C4D7CA1EBD8} = {D1A3EAA2-913E-4D42-BFBD-E21A63ED6FAD}
		{88ED7E97-6459-4598-9167-F35AD91B659E} = {D2C630B6-C5EB-4A58-BDBD-E42614B8D08D}
		{C0670595-E85D-45FE-9BFE-BE6776C472D8} = {D2C630B6-C5EB-4A58-BDBD-E42614B8D08D}
	EndGlobalSection
	GlobalSection(ExtensibilityGlobals) = postSolution
		SolutionGuid = {7835FFFA-FB98-4C93-AE3B-F3DDEA4576E0}
	EndGlobalSection
EndGlobal
