
Microsoft Visual Studio Solution File, Format Version 12.00
# Visual Studio Version 17
VisualStudioVersion = 17.1.32319.34
MinimumVisualStudioVersion = 10.0.40219.1
Project("{9A19103F-16F7-4668-BE54-9A1E7A4F7556}") = "AutoAssignJobService", "AutoAssignJobService.csproj", "{76BA0BA5-3AA3-4049-9A30-3F660993D92F}"
EndProject
Global
	GlobalSection(SolutionConfigurationPlatforms) = preSolution
		Debug|Any CPU = Debug|Any CPU
		Release|Any CPU = Release|Any CPU
	EndGlobalSection
	GlobalSection(ProjectConfigurationPlatforms) = postSolution
		{76BA0BA5-3AA3-4049-9A30-3F660993D92F}.Debug|Any CPU.ActiveCfg = Debug|Any CPU
		{76BA0BA5-3AA3-4049-9A30-3F660993D92F}.Debug|Any CPU.Build.0 = Debug|Any CPU
		{76BA0BA5-3AA3-4049-9A30-3F660993D92F}.Release|Any CPU.ActiveCfg = Release|Any CPU
		{76BA0BA5-3AA3-4049-9A30-3F660993D92F}.Release|Any CPU.Build.0 = Release|Any CPU
	EndGlobalSection
	GlobalSection(SolutionProperties) = preSolution
		HideSolutionNode = FALSE
	EndGlobalSection
	GlobalSection(ExtensibilityGlobals) = postSolution
		SolutionGuid = {1D8B7D10-41FA-4167-A8D8-60FBEE0BF8EA}
	EndGlobalSection
EndGlobal
