
Microsoft Visual Studio Solution File, Format Version 12.00
# Visual Studio Version 17
VisualStudioVersion = 17.2.32519.379
MinimumVisualStudioVersion = 10.0.40219.1
Project("{9A19103F-16F7-4668-BE54-9A1E7A4F7556}") = "WorkerDomain", "WorkerDomain\WorkerDomain.csproj", "{8982BC83-AD37-483F-9DF6-FBAE3B690BCD}"
EndProject
Project("{9A19103F-16F7-4668-BE54-9A1E7A4F7556}") = "ProductDomain", "ProductDomain\ProductDomain.csproj", "{BED5C076-6ACA-43B9-8A0F-CC83BF0B8EF9}"
EndProject
Project("{2150E333-8FDC-42A3-9474-1A3956D46DE8}") = "Worker", "Worker", "{0503E2B0-EBB2-4515-92A3-C7FD33FB3187}"
EndProject
Project("{2150E333-8FDC-42A3-9474-1A3956D46DE8}") = "Product", "Product", "{124D9DC4-4614-4CA7-BFBC-0917BEE70414}"
EndProject
Project("{2150E333-8FDC-42A3-9474-1A3956D46DE8}") = "Job", "Job", "{647F5ED4-1511-43A5-AC55-E2A7FA909FFD}"
EndProject
Project("{9A19103F-16F7-4668-BE54-9A1E7A4F7556}") = "JobDomain", "JobDomain\JobDomain.csproj", "{7606D574-FDC1-4D67-B178-A919DD47D865}"
EndProject
Project("{9A19103F-16F7-4668-BE54-9A1E7A4F7556}") = "ProductAPI", "ProductAPI\ProductAPI.csproj", "{0884C022-5592-45E4-A463-B79602871077}"
EndProject
Project("{9A19103F-16F7-4668-BE54-9A1E7A4F7556}") = "JobAPI", "JobAPI\JobAPI.csproj", "{4BE86FAA-C979-4B77-8C2D-66C29B94A3C2}"
EndProject
Project("{9A19103F-16F7-4668-BE54-9A1E7A4F7556}") = "WorkerAPI", "WorkerAPI\WorkerAPI.csproj", "{8A0AF399-DF3D-4A99-9D23-062CF8C09C3A}"
EndProject
Project("{9A19103F-16F7-4668-BE54-9A1E7A4F7556}") = "JobInfrastructure", "JobInfrastructure\JobInfrastructure.csproj", "{186B221D-EDA4-4D00-99BA-1D1FA2E43A2D}"
EndProject
Project("{9A19103F-16F7-4668-BE54-9A1E7A4F7556}") = "ProductInfrastructure", "ProductInfrastructure\ProductInfrastructure.csproj", "{4C9BB96E-2422-42C0-8F75-E8BA96738F49}"
EndProject
Project("{9A19103F-16F7-4668-BE54-9A1E7A4F7556}") = "WorkerInfrastructure", "WorkerInfrastructure\WorkerInfrastructure.csproj", "{BCC69FFE-5DEC-4B64-819B-99A7E677CFA4}"
EndProject
Project("{9A19103F-16F7-4668-BE54-9A1E7A4F7556}") = "AppShareServices", "AppShareServices\AppShareServices.csproj", "{9B38DC3C-5B57-455D-B423-877F2C02CFFF}"
EndProject
Project("{9A19103F-16F7-4668-BE54-9A1E7A4F7556}") = "WorkerApplication", "WorkerApplication\WorkerApplication.csproj", "{9C3E91BB-5DF9-4AD0-8A99-80F3EE38EBC7}"
EndProject
Project("{9A19103F-16F7-4668-BE54-9A1E7A4F7556}") = "WorkerCrossCutting", "WorkerCrossCutting\WorkerCrossCutting.csproj", "{2B285130-D6AA-41A9-AD45-3867BCABA90E}"
EndProject
Project("{9A19103F-16F7-4668-BE54-9A1E7A4F7556}") = "AppShareDomain", "AppShareDomain\AppShareDomain.csproj", "{9B08DBD7-A252-4885-8E1E-B891CE0E25F0}"
EndProject
Project("{2150E333-8FDC-42A3-9474-1A3956D46DE8}") = "Cart", "Cart", "{CDD843E1-A6EE-4EAF-AB9B-97892354995A}"
EndProject
Project("{9A19103F-16F7-4668-BE54-9A1E7A4F7556}") = "AutoAssignJob", "AutoAssignJob\AutoAssignJob.csproj", "{71F8FB53-AF5C-466E-B5C7-A387CAEC77B4}"
EndProject
Project("{2150E333-8FDC-42A3-9474-1A3956D46DE8}") = "Customer", "Customer", "{F0459F48-D664-4EB7-ABF4-79A59CCAC4F3}"
EndProject
Project("{9A19103F-16F7-4668-BE54-9A1E7A4F7556}") = "CustomerDomain", "CustomerDomain\CustomerDomain.csproj", "{96C1223A-16AD-43EE-A0DA-FF03623C6098}"
EndProject
Project("{9A19103F-16F7-4668-BE54-9A1E7A4F7556}") = "CustomerInfrastructure", "CustomerInfrastructure\CustomerInfrastructure.csproj", "{6B362621-6487-42D9-A28F-529C34EFF033}"
EndProject
Project("{9A19103F-16F7-4668-BE54-9A1E7A4F7556}") = "CustomerAPI", "CustomerAPI\CustomerAPI.csproj", "{869AF1AE-0107-4006-B5D6-13EA8E1DFA58}"
EndProject
Project("{9A19103F-16F7-4668-BE54-9A1E7A4F7556}") = "CustomerApplication", "CustomerApplication\CustomerApplication.csproj", "{E8F1835B-0CA2-4F43-A323-F5A9B84EFFB9}"
EndProject
Project("{9A19103F-16F7-4668-BE54-9A1E7A4F7556}") = "CustomerCrossCutting", "CustomerCrossCutting\CustomerCrossCutting.csproj", "{258FF55F-AFAD-4F5C-99E9-51B2D975A713}"
EndProject
Project("{9A19103F-16F7-4668-BE54-9A1E7A4F7556}") = "ProductCrossCutting", "ProductCrossCutting\ProductCrossCutting.csproj", "{3A655273-CA47-4382-9A2E-3A0B8FC2E303}"
EndProject
Project("{9A19103F-16F7-4668-BE54-9A1E7A4F7556}") = "ProductApplication", "ProductApplication\ProductApplication.csproj", "{6A71DA0B-4720-4BC3-B681-91622A625349}"
EndProject
Project("{2150E333-8FDC-42A3-9474-1A3956D46DE8}") = "Specification", "Specification", "{67356CAE-294A-4CDE-A255-6BEEA8AA8016}"
EndProject
Project("{2150E333-8FDC-42A3-9474-1A3956D46DE8}") = "Catalog", "Catalog", "{30BE9FC0-982C-42F9-BFCB-CBAFC9C1D523}"
EndProject
Project("{9A19103F-16F7-4668-BE54-9A1E7A4F7556}") = "CatalogDomain", "CatalogDomain\CatalogDomain.csproj", "{F8BF41C1-5CAD-421E-87F7-8E95B29A567D}"
EndProject
Project("{9A19103F-16F7-4668-BE54-9A1E7A4F7556}") = "CatalogApplication", "CatalogApplication\CatalogApplication.csproj", "{E60AC237-A801-43D5-AF9B-3B9AC13B5763}"
EndProject
Project("{9A19103F-16F7-4668-BE54-9A1E7A4F7556}") = "CatalogInfrastructure", "CatalogInfrastructure\CatalogInfrastructure.csproj", "{06AD3984-8EA8-4018-99BA-2FCECD18AB20}"
EndProject
Project("{9A19103F-16F7-4668-BE54-9A1E7A4F7556}") = "CatalogCrossCutting", "CatalogCrossCutting\CatalogCrossCutting.csproj", "{A6AFAFE0-8BCD-42F6-8505-180829BAF535}"
EndProject
Project("{9A19103F-16F7-4668-BE54-9A1E7A4F7556}") = "CatalogAPI", "CatalogAPI\CatalogAPI.csproj", "{D90AA78B-5F73-47FE-979A-18CD626ABA21}"
EndProject
Project("{9A19103F-16F7-4668-BE54-9A1E7A4F7556}") = "SpecificationDomain", "SpecificationDomain\SpecificationDomain.csproj", "{950F7B3B-1EE2-48B8-AF01-DCE65BD120B7}"
EndProject
Project("{9A19103F-16F7-4668-BE54-9A1E7A4F7556}") = "SpecificationAPI", "SpecificationAPI\SpecificationAPI.csproj", "{4D5EF16A-3E1D-4ADC-A690-EED52EB98D11}"
EndProject
Project("{9A19103F-16F7-4668-BE54-9A1E7A4F7556}") = "SpecificationApplication", "SpecificationApplication\SpecificationApplication.csproj", "{40A33C33-AB9E-4356-B132-AC523382B4F8}"
EndProject
Project("{9A19103F-16F7-4668-BE54-9A1E7A4F7556}") = "SpecificationCrossCutting", "SpecificationCrossCutting\SpecificationCrossCutting.csproj", "{953BAA96-E1B5-4079-8930-E3A5EA0591F8}"
EndProject
Project("{9A19103F-16F7-4668-BE54-9A1E7A4F7556}") = "SpecificationInfrastructure", "SpecificationInfrastructure\SpecificationInfrastructure.csproj", "{A361FBC9-9C0B-401E-B04E-CACC4641543B}"
EndProject
Project("{2150E333-8FDC-42A3-9474-1A3956D46DE8}") = "Order", "Order", "{BF09BAB2-94C6-4417-8296-AECCC1ECA400}"
EndProject
Project("{9A19103F-16F7-4668-BE54-9A1E7A4F7556}") = "OrderDomain", "OrderDomain\OrderDomain.csproj", "{FE869378-F9BA-484A-9D94-823C1B70389D}"
EndProject
Project("{2150E333-8FDC-42A3-9474-1A3956D46DE8}") = "Tracking", "Tracking", "{AAE5CFE2-522D-4DD2-B287-976A9EBE6760}"
EndProject
Project("{9A19103F-16F7-4668-BE54-9A1E7A4F7556}") = "TrackingDomain", "TrackingDomain\TrackingDomain.csproj", "{1FB1E81D-42C4-4151-B959-4364F5C6DCE5}"
EndProject
Project("{9A19103F-16F7-4668-BE54-9A1E7A4F7556}") = "OrderAPI", "OrderAPI\OrderAPI.csproj", "{309D4601-5493-4A9D-AD0E-0CC0ED53E241}"
EndProject
Project("{FAE04EC0-301F-11D3-BF4B-00C04F79EFBC}") = "JobCrossCutting", "JobCrossCutting\JobCrossCutting.csproj", "{B4EC99CB-8D62-4FE2-8EAB-15E30578C168}"
EndProject
Project("{FAE04EC0-301F-11D3-BF4B-00C04F79EFBC}") = "JobApplication", "JobApplication\JobApplication.csproj", "{DD44742A-2781-432D-A361-18BBAC8C657F}"
EndProject
Global
	GlobalSection(SolutionConfigurationPlatforms) = preSolution
		Debug|Any CPU = Debug|Any CPU
		Release|Any CPU = Release|Any CPU
	EndGlobalSection
	GlobalSection(ProjectConfigurationPlatforms) = postSolution
		{8982BC83-AD37-483F-9DF6-FBAE3B690BCD}.Debug|Any CPU.ActiveCfg = Debug|Any CPU
		{8982BC83-AD37-483F-9DF6-FBAE3B690BCD}.Debug|Any CPU.Build.0 = Debug|Any CPU
		{8982BC83-AD37-483F-9DF6-FBAE3B690BCD}.Release|Any CPU.ActiveCfg = Release|Any CPU
		{8982BC83-AD37-483F-9DF6-FBAE3B690BCD}.Release|Any CPU.Build.0 = Release|Any CPU
		{BED5C076-6ACA-43B9-8A0F-CC83BF0B8EF9}.Debug|Any CPU.ActiveCfg = Debug|Any CPU
		{BED5C076-6ACA-43B9-8A0F-CC83BF0B8EF9}.Debug|Any CPU.Build.0 = Debug|Any CPU
		{BED5C076-6ACA-43B9-8A0F-CC83BF0B8EF9}.Release|Any CPU.ActiveCfg = Release|Any CPU
		{BED5C076-6ACA-43B9-8A0F-CC83BF0B8EF9}.Release|Any CPU.Build.0 = Release|Any CPU
		{7606D574-FDC1-4D67-B178-A919DD47D865}.Debug|Any CPU.ActiveCfg = Debug|Any CPU
		{7606D574-FDC1-4D67-B178-A919DD47D865}.Debug|Any CPU.Build.0 = Debug|Any CPU
		{7606D574-FDC1-4D67-B178-A919DD47D865}.Release|Any CPU.ActiveCfg = Release|Any CPU
		{7606D574-FDC1-4D67-B178-A919DD47D865}.Release|Any CPU.Build.0 = Release|Any CPU
		{0884C022-5592-45E4-A463-B79602871077}.Debug|Any CPU.ActiveCfg = Debug|Any CPU
		{0884C022-5592-45E4-A463-B79602871077}.Debug|Any CPU.Build.0 = Debug|Any CPU
		{0884C022-5592-45E4-A463-B79602871077}.Release|Any CPU.ActiveCfg = Release|Any CPU
		{0884C022-5592-45E4-A463-B79602871077}.Release|Any CPU.Build.0 = Release|Any CPU
		{4BE86FAA-C979-4B77-8C2D-66C29B94A3C2}.Debug|Any CPU.ActiveCfg = Debug|Any CPU
		{4BE86FAA-C979-4B77-8C2D-66C29B94A3C2}.Debug|Any CPU.Build.0 = Debug|Any CPU
		{4BE86FAA-C979-4B77-8C2D-66C29B94A3C2}.Release|Any CPU.ActiveCfg = Release|Any CPU
		{4BE86FAA-C979-4B77-8C2D-66C29B94A3C2}.Release|Any CPU.Build.0 = Release|Any CPU
		{8A0AF399-DF3D-4A99-9D23-062CF8C09C3A}.Debug|Any CPU.ActiveCfg = Debug|Any CPU
		{8A0AF399-DF3D-4A99-9D23-062CF8C09C3A}.Debug|Any CPU.Build.0 = Debug|Any CPU
		{8A0AF399-DF3D-4A99-9D23-062CF8C09C3A}.Release|Any CPU.ActiveCfg = Release|Any CPU
		{8A0AF399-DF3D-4A99-9D23-062CF8C09C3A}.Release|Any CPU.Build.0 = Release|Any CPU
		{186B221D-EDA4-4D00-99BA-1D1FA2E43A2D}.Debug|Any CPU.ActiveCfg = Debug|Any CPU
		{186B221D-EDA4-4D00-99BA-1D1FA2E43A2D}.Debug|Any CPU.Build.0 = Debug|Any CPU
		{186B221D-EDA4-4D00-99BA-1D1FA2E43A2D}.Release|Any CPU.ActiveCfg = Release|Any CPU
		{186B221D-EDA4-4D00-99BA-1D1FA2E43A2D}.Release|Any CPU.Build.0 = Release|Any CPU
		{4C9BB96E-2422-42C0-8F75-E8BA96738F49}.Debug|Any CPU.ActiveCfg = Debug|Any CPU
		{4C9BB96E-2422-42C0-8F75-E8BA96738F49}.Debug|Any CPU.Build.0 = Debug|Any CPU
		{4C9BB96E-2422-42C0-8F75-E8BA96738F49}.Release|Any CPU.ActiveCfg = Release|Any CPU
		{4C9BB96E-2422-42C0-8F75-E8BA96738F49}.Release|Any CPU.Build.0 = Release|Any CPU
		{BCC69FFE-5DEC-4B64-819B-99A7E677CFA4}.Debug|Any CPU.ActiveCfg = Debug|Any CPU
		{BCC69FFE-5DEC-4B64-819B-99A7E677CFA4}.Debug|Any CPU.Build.0 = Debug|Any CPU
		{BCC69FFE-5DEC-4B64-819B-99A7E677CFA4}.Release|Any CPU.ActiveCfg = Release|Any CPU
		{BCC69FFE-5DEC-4B64-819B-99A7E677CFA4}.Release|Any CPU.Build.0 = Release|Any CPU
		{9B38DC3C-5B57-455D-B423-877F2C02CFFF}.Debug|Any CPU.ActiveCfg = Debug|Any CPU
		{9B38DC3C-5B57-455D-B423-877F2C02CFFF}.Debug|Any CPU.Build.0 = Debug|Any CPU
		{9B38DC3C-5B57-455D-B423-877F2C02CFFF}.Release|Any CPU.ActiveCfg = Release|Any CPU
		{9B38DC3C-5B57-455D-B423-877F2C02CFFF}.Release|Any CPU.Build.0 = Release|Any CPU
		{9C3E91BB-5DF9-4AD0-8A99-80F3EE38EBC7}.Debug|Any CPU.ActiveCfg = Debug|Any CPU
		{9C3E91BB-5DF9-4AD0-8A99-80F3EE38EBC7}.Debug|Any CPU.Build.0 = Debug|Any CPU
		{9C3E91BB-5DF9-4AD0-8A99-80F3EE38EBC7}.Release|Any CPU.ActiveCfg = Release|Any CPU
		{9C3E91BB-5DF9-4AD0-8A99-80F3EE38EBC7}.Release|Any CPU.Build.0 = Release|Any CPU
		{2B285130-D6AA-41A9-AD45-3867BCABA90E}.Debug|Any CPU.ActiveCfg = Debug|Any CPU
		{2B285130-D6AA-41A9-AD45-3867BCABA90E}.Debug|Any CPU.Build.0 = Debug|Any CPU
		{2B285130-D6AA-41A9-AD45-3867BCABA90E}.Release|Any CPU.ActiveCfg = Release|Any CPU
		{2B285130-D6AA-41A9-AD45-3867BCABA90E}.Release|Any CPU.Build.0 = Release|Any CPU
		{9B08DBD7-A252-4885-8E1E-B891CE0E25F0}.Debug|Any CPU.ActiveCfg = Debug|Any CPU
		{9B08DBD7-A252-4885-8E1E-B891CE0E25F0}.Debug|Any CPU.Build.0 = Debug|Any CPU
		{9B08DBD7-A252-4885-8E1E-B891CE0E25F0}.Release|Any CPU.ActiveCfg = Release|Any CPU
		{9B08DBD7-A252-4885-8E1E-B891CE0E25F0}.Release|Any CPU.Build.0 = Release|Any CPU
		{71F8FB53-AF5C-466E-B5C7-A387CAEC77B4}.Debug|Any CPU.ActiveCfg = Debug|Any CPU
		{71F8FB53-AF5C-466E-B5C7-A387CAEC77B4}.Debug|Any CPU.Build.0 = Debug|Any CPU
		{71F8FB53-AF5C-466E-B5C7-A387CAEC77B4}.Release|Any CPU.ActiveCfg = Release|Any CPU
		{71F8FB53-AF5C-466E-B5C7-A387CAEC77B4}.Release|Any CPU.Build.0 = Release|Any CPU
		{96C1223A-16AD-43EE-A0DA-FF03623C6098}.Debug|Any CPU.ActiveCfg = Debug|Any CPU
		{96C1223A-16AD-43EE-A0DA-FF03623C6098}.Debug|Any CPU.Build.0 = Debug|Any CPU
		{96C1223A-16AD-43EE-A0DA-FF03623C6098}.Release|Any CPU.ActiveCfg = Release|Any CPU
		{96C1223A-16AD-43EE-A0DA-FF03623C6098}.Release|Any CPU.Build.0 = Release|Any CPU
		{6B362621-6487-42D9-A28F-529C34EFF033}.Debug|Any CPU.ActiveCfg = Debug|Any CPU
		{6B362621-6487-42D9-A28F-529C34EFF033}.Debug|Any CPU.Build.0 = Debug|Any CPU
		{6B362621-6487-42D9-A28F-529C34EFF033}.Release|Any CPU.ActiveCfg = Release|Any CPU
		{6B362621-6487-42D9-A28F-529C34EFF033}.Release|Any CPU.Build.0 = Release|Any CPU
		{869AF1AE-0107-4006-B5D6-13EA8E1DFA58}.Debug|Any CPU.ActiveCfg = Debug|Any CPU
		{869AF1AE-0107-4006-B5D6-13EA8E1DFA58}.Debug|Any CPU.Build.0 = Debug|Any CPU
		{869AF1AE-0107-4006-B5D6-13EA8E1DFA58}.Release|Any CPU.ActiveCfg = Release|Any CPU
		{869AF1AE-0107-4006-B5D6-13EA8E1DFA58}.Release|Any CPU.Build.0 = Release|Any CPU
		{E8F1835B-0CA2-4F43-A323-F5A9B84EFFB9}.Debug|Any CPU.ActiveCfg = Debug|Any CPU
		{E8F1835B-0CA2-4F43-A323-F5A9B84EFFB9}.Debug|Any CPU.Build.0 = Debug|Any CPU
		{E8F1835B-0CA2-4F43-A323-F5A9B84EFFB9}.Release|Any CPU.ActiveCfg = Release|Any CPU
		{E8F1835B-0CA2-4F43-A323-F5A9B84EFFB9}.Release|Any CPU.Build.0 = Release|Any CPU
		{258FF55F-AFAD-4F5C-99E9-51B2D975A713}.Debug|Any CPU.ActiveCfg = Debug|Any CPU
		{258FF55F-AFAD-4F5C-99E9-51B2D975A713}.Debug|Any CPU.Build.0 = Debug|Any CPU
		{258FF55F-AFAD-4F5C-99E9-51B2D975A713}.Release|Any CPU.ActiveCfg = Release|Any CPU
		{258FF55F-AFAD-4F5C-99E9-51B2D975A713}.Release|Any CPU.Build.0 = Release|Any CPU
		{3A655273-CA47-4382-9A2E-3A0B8FC2E303}.Debug|Any CPU.ActiveCfg = Debug|Any CPU
		{3A655273-CA47-4382-9A2E-3A0B8FC2E303}.Debug|Any CPU.Build.0 = Debug|Any CPU
		{3A655273-CA47-4382-9A2E-3A0B8FC2E303}.Release|Any CPU.ActiveCfg = Release|Any CPU
		{3A655273-CA47-4382-9A2E-3A0B8FC2E303}.Release|Any CPU.Build.0 = Release|Any CPU
		{6A71DA0B-4720-4BC3-B681-91622A625349}.Debug|Any CPU.ActiveCfg = Debug|Any CPU
		{6A71DA0B-4720-4BC3-B681-91622A625349}.Debug|Any CPU.Build.0 = Debug|Any CPU
		{6A71DA0B-4720-4BC3-B681-91622A625349}.Release|Any CPU.ActiveCfg = Release|Any CPU
		{6A71DA0B-4720-4BC3-B681-91622A625349}.Release|Any CPU.Build.0 = Release|Any CPU
		{F8BF41C1-5CAD-421E-87F7-8E95B29A567D}.Debug|Any CPU.ActiveCfg = Debug|Any CPU
		{F8BF41C1-5CAD-421E-87F7-8E95B29A567D}.Debug|Any CPU.Build.0 = Debug|Any CPU
		{F8BF41C1-5CAD-421E-87F7-8E95B29A567D}.Release|Any CPU.ActiveCfg = Release|Any CPU
		{F8BF41C1-5CAD-421E-87F7-8E95B29A567D}.Release|Any CPU.Build.0 = Release|Any CPU
		{E60AC237-A801-43D5-AF9B-3B9AC13B5763}.Debug|Any CPU.ActiveCfg = Debug|Any CPU
		{E60AC237-A801-43D5-AF9B-3B9AC13B5763}.Debug|Any CPU.Build.0 = Debug|Any CPU
		{E60AC237-A801-43D5-AF9B-3B9AC13B5763}.Release|Any CPU.ActiveCfg = Release|Any CPU
		{E60AC237-A801-43D5-AF9B-3B9AC13B5763}.Release|Any CPU.Build.0 = Release|Any CPU
		{06AD3984-8EA8-4018-99BA-2FCECD18AB20}.Debug|Any CPU.ActiveCfg = Debug|Any CPU
		{06AD3984-8EA8-4018-99BA-2FCECD18AB20}.Debug|Any CPU.Build.0 = Debug|Any CPU
		{06AD3984-8EA8-4018-99BA-2FCECD18AB20}.Release|Any CPU.ActiveCfg = Release|Any CPU
		{06AD3984-8EA8-4018-99BA-2FCECD18AB20}.Release|Any CPU.Build.0 = Release|Any CPU
		{A6AFAFE0-8BCD-42F6-8505-180829BAF535}.Debug|Any CPU.ActiveCfg = Debug|Any CPU
		{A6AFAFE0-8BCD-42F6-8505-180829BAF535}.Debug|Any CPU.Build.0 = Debug|Any CPU
		{A6AFAFE0-8BCD-42F6-8505-180829BAF535}.Release|Any CPU.ActiveCfg = Release|Any CPU
		{A6AFAFE0-8BCD-42F6-8505-180829BAF535}.Release|Any CPU.Build.0 = Release|Any CPU
		{D90AA78B-5F73-47FE-979A-18CD626ABA21}.Debug|Any CPU.ActiveCfg = Debug|Any CPU
		{D90AA78B-5F73-47FE-979A-18CD626ABA21}.Debug|Any CPU.Build.0 = Debug|Any CPU
		{D90AA78B-5F73-47FE-979A-18CD626ABA21}.Release|Any CPU.ActiveCfg = Release|Any CPU
		{D90AA78B-5F73-47FE-979A-18CD626ABA21}.Release|Any CPU.Build.0 = Release|Any CPU
		{950F7B3B-1EE2-48B8-AF01-DCE65BD120B7}.Debug|Any CPU.ActiveCfg = Debug|Any CPU
		{950F7B3B-1EE2-48B8-AF01-DCE65BD120B7}.Debug|Any CPU.Build.0 = Debug|Any CPU
		{950F7B3B-1EE2-48B8-AF01-DCE65BD120B7}.Release|Any CPU.ActiveCfg = Release|Any CPU
		{950F7B3B-1EE2-48B8-AF01-DCE65BD120B7}.Release|Any CPU.Build.0 = Release|Any CPU
		{4D5EF16A-3E1D-4ADC-A690-EED52EB98D11}.Debug|Any CPU.ActiveCfg = Debug|Any CPU
		{4D5EF16A-3E1D-4ADC-A690-EED52EB98D11}.Debug|Any CPU.Build.0 = Debug|Any CPU
		{4D5EF16A-3E1D-4ADC-A690-EED52EB98D11}.Release|Any CPU.ActiveCfg = Release|Any CPU
		{4D5EF16A-3E1D-4ADC-A690-EED52EB98D11}.Release|Any CPU.Build.0 = Release|Any CPU
		{40A33C33-AB9E-4356-B132-AC523382B4F8}.Debug|Any CPU.ActiveCfg = Debug|Any CPU
		{40A33C33-AB9E-4356-B132-AC523382B4F8}.Debug|Any CPU.Build.0 = Debug|Any CPU
		{40A33C33-AB9E-4356-B132-AC523382B4F8}.Release|Any CPU.ActiveCfg = Release|Any CPU
		{40A33C33-AB9E-4356-B132-AC523382B4F8}.Release|Any CPU.Build.0 = Release|Any CPU
		{953BAA96-E1B5-4079-8930-E3A5EA0591F8}.Debug|Any CPU.ActiveCfg = Debug|Any CPU
		{953BAA96-E1B5-4079-8930-E3A5EA0591F8}.Debug|Any CPU.Build.0 = Debug|Any CPU
		{953BAA96-E1B5-4079-8930-E3A5EA0591F8}.Release|Any CPU.ActiveCfg = Release|Any CPU
		{953BAA96-E1B5-4079-8930-E3A5EA0591F8}.Release|Any CPU.Build.0 = Release|Any CPU
		{A361FBC9-9C0B-401E-B04E-CACC4641543B}.Debug|Any CPU.ActiveCfg = Debug|Any CPU
		{A361FBC9-9C0B-401E-B04E-CACC4641543B}.Debug|Any CPU.Build.0 = Debug|Any CPU
		{A361FBC9-9C0B-401E-B04E-CACC4641543B}.Release|Any CPU.ActiveCfg = Release|Any CPU
		{A361FBC9-9C0B-401E-B04E-CACC4641543B}.Release|Any CPU.Build.0 = Release|Any CPU
		{FE869378-F9BA-484A-9D94-823C1B70389D}.Debug|Any CPU.ActiveCfg = Debug|Any CPU
		{FE869378-F9BA-484A-9D94-823C1B70389D}.Debug|Any CPU.Build.0 = Debug|Any CPU
		{FE869378-F9BA-484A-9D94-823C1B70389D}.Release|Any CPU.ActiveCfg = Release|Any CPU
		{FE869378-F9BA-484A-9D94-823C1B70389D}.Release|Any CPU.Build.0 = Release|Any CPU
		{1FB1E81D-42C4-4151-B959-4364F5C6DCE5}.Debug|Any CPU.ActiveCfg = Debug|Any CPU
		{1FB1E81D-42C4-4151-B959-4364F5C6DCE5}.Debug|Any CPU.Build.0 = Debug|Any CPU
		{1FB1E81D-42C4-4151-B959-4364F5C6DCE5}.Release|Any CPU.ActiveCfg = Release|Any CPU
		{1FB1E81D-42C4-4151-B959-4364F5C6DCE5}.Release|Any CPU.Build.0 = Release|Any CPU
		{309D4601-5493-4A9D-AD0E-0CC0ED53E241}.Debug|Any CPU.ActiveCfg = Debug|Any CPU
		{309D4601-5493-4A9D-AD0E-0CC0ED53E241}.Debug|Any CPU.Build.0 = Debug|Any CPU
		{309D4601-5493-4A9D-AD0E-0CC0ED53E241}.Release|Any CPU.ActiveCfg = Release|Any CPU
		{309D4601-5493-4A9D-AD0E-0CC0ED53E241}.Release|Any CPU.Build.0 = Release|Any CPU
		{B4EC99CB-8D62-4FE2-8EAB-15E30578C168}.Debug|Any CPU.ActiveCfg = Debug|Any CPU
		{B4EC99CB-8D62-4FE2-8EAB-15E30578C168}.Debug|Any CPU.Build.0 = Debug|Any CPU
		{B4EC99CB-8D62-4FE2-8EAB-15E30578C168}.Release|Any CPU.ActiveCfg = Release|Any CPU
		{B4EC99CB-8D62-4FE2-8EAB-15E30578C168}.Release|Any CPU.Build.0 = Release|Any CPU
		{DD44742A-2781-432D-A361-18BBAC8C657F}.Debug|Any CPU.ActiveCfg = Debug|Any CPU
		{DD44742A-2781-432D-A361-18BBAC8C657F}.Debug|Any CPU.Build.0 = Debug|Any CPU
		{DD44742A-2781-432D-A361-18BBAC8C657F}.Release|Any CPU.ActiveCfg = Release|Any CPU
		{DD44742A-2781-432D-A361-18BBAC8C657F}.Release|Any CPU.Build.0 = Release|Any CPU
	EndGlobalSection
	GlobalSection(SolutionProperties) = preSolution
		HideSolutionNode = FALSE
	EndGlobalSection
	GlobalSection(NestedProjects) = preSolution
		{8982BC83-AD37-483F-9DF6-FBAE3B690BCD} = {0503E2B0-EBB2-4515-92A3-C7FD33FB3187}
		{BED5C076-6ACA-43B9-8A0F-CC83BF0B8EF9} = {124D9DC4-4614-4CA7-BFBC-0917BEE70414}
		{7606D574-FDC1-4D67-B178-A919DD47D865} = {647F5ED4-1511-43A5-AC55-E2A7FA909FFD}
		{0884C022-5592-45E4-A463-B79602871077} = {124D9DC4-4614-4CA7-BFBC-0917BEE70414}
		{4BE86FAA-C979-4B77-8C2D-66C29B94A3C2} = {647F5ED4-1511-43A5-AC55-E2A7FA909FFD}
		{8A0AF399-DF3D-4A99-9D23-062CF8C09C3A} = {0503E2B0-EBB2-4515-92A3-C7FD33FB3187}
		{186B221D-EDA4-4D00-99BA-1D1FA2E43A2D} = {647F5ED4-1511-43A5-AC55-E2A7FA909FFD}
		{4C9BB96E-2422-42C0-8F75-E8BA96738F49} = {124D9DC4-4614-4CA7-BFBC-0917BEE70414}
		{BCC69FFE-5DEC-4B64-819B-99A7E677CFA4} = {0503E2B0-EBB2-4515-92A3-C7FD33FB3187}
		{9C3E91BB-5DF9-4AD0-8A99-80F3EE38EBC7} = {0503E2B0-EBB2-4515-92A3-C7FD33FB3187}
		{2B285130-D6AA-41A9-AD45-3867BCABA90E} = {0503E2B0-EBB2-4515-92A3-C7FD33FB3187}
		{71F8FB53-AF5C-466E-B5C7-A387CAEC77B4} = {647F5ED4-1511-43A5-AC55-E2A7FA909FFD}
		{96C1223A-16AD-43EE-A0DA-FF03623C6098} = {F0459F48-D664-4EB7-ABF4-79A59CCAC4F3}
		{6B362621-6487-42D9-A28F-529C34EFF033} = {F0459F48-D664-4EB7-ABF4-79A59CCAC4F3}
		{869AF1AE-0107-4006-B5D6-13EA8E1DFA58} = {F0459F48-D664-4EB7-ABF4-79A59CCAC4F3}
		{E8F1835B-0CA2-4F43-A323-F5A9B84EFFB9} = {F0459F48-D664-4EB7-ABF4-79A59CCAC4F3}
		{258FF55F-AFAD-4F5C-99E9-51B2D975A713} = {F0459F48-D664-4EB7-ABF4-79A59CCAC4F3}
		{3A655273-CA47-4382-9A2E-3A0B8FC2E303} = {124D9DC4-4614-4CA7-BFBC-0917BEE70414}
		{6A71DA0B-4720-4BC3-B681-91622A625349} = {124D9DC4-4614-4CA7-BFBC-0917BEE70414}
		{F8BF41C1-5CAD-421E-87F7-8E95B29A567D} = {30BE9FC0-982C-42F9-BFCB-CBAFC9C1D523}
		{E60AC237-A801-43D5-AF9B-3B9AC13B5763} = {30BE9FC0-982C-42F9-BFCB-CBAFC9C1D523}
		{06AD3984-8EA8-4018-99BA-2FCECD18AB20} = {30BE9FC0-982C-42F9-BFCB-CBAFC9C1D523}
		{A6AFAFE0-8BCD-42F6-8505-180829BAF535} = {30BE9FC0-982C-42F9-BFCB-CBAFC9C1D523}
		{D90AA78B-5F73-47FE-979A-18CD626ABA21} = {30BE9FC0-982C-42F9-BFCB-CBAFC9C1D523}
		{950F7B3B-1EE2-48B8-AF01-DCE65BD120B7} = {67356CAE-294A-4CDE-A255-6BEEA8AA8016}
		{4D5EF16A-3E1D-4ADC-A690-EED52EB98D11} = {67356CAE-294A-4CDE-A255-6BEEA8AA8016}
		{40A33C33-AB9E-4356-B132-AC523382B4F8} = {67356CAE-294A-4CDE-A255-6BEEA8AA8016}
		{953BAA96-E1B5-4079-8930-E3A5EA0591F8} = {67356CAE-294A-4CDE-A255-6BEEA8AA8016}
		{A361FBC9-9C0B-401E-B04E-CACC4641543B} = {67356CAE-294A-4CDE-A255-6BEEA8AA8016}
		{FE869378-F9BA-484A-9D94-823C1B70389D} = {BF09BAB2-94C6-4417-8296-AECCC1ECA400}
		{1FB1E81D-42C4-4151-B959-4364F5C6DCE5} = {AAE5CFE2-522D-4DD2-B287-976A9EBE6760}
		{309D4601-5493-4A9D-AD0E-0CC0ED53E241} = {BF09BAB2-94C6-4417-8296-AECCC1ECA400}
		{B4EC99CB-8D62-4FE2-8EAB-15E30578C168} = {647F5ED4-1511-43A5-AC55-E2A7FA909FFD}
		{DD44742A-2781-432D-A361-18BBAC8C657F} = {647F5ED4-1511-43A5-AC55-E2A7FA909FFD}
	EndGlobalSection
	GlobalSection(ExtensibilityGlobals) = postSolution
		SolutionGuid = {7835FFFA-FB98-4C93-AE3B-F3DDEA4576E0}
	EndGlobalSection
EndGlobal
